
Microsoft Visual Studio Solution File, Format Version 12.00
# Visual Studio Version 16
VisualStudioVersion = 16.0.30503.244
MinimumVisualStudioVersion = 10.0.40219.1
Project("{2150E333-8FDC-42A3-9474-1A3956D46DE8}") = "APIManager", "APIManager", "{DEAA21F0-DCD1-469D-8C74-035087A8E321}"
EndProject
Project("{2150E333-8FDC-42A3-9474-1A3956D46DE8}") = "Client", "Client", "{5CD73505-B1CB-4868-89E9-DE103A7CF609}"
EndProject
Project("{9A19103F-16F7-4668-BE54-9A1E7A4F7556}") = "Client.SPA", "Client\Client.SPA\Client.SPA.csproj", "{1DEE483C-36E0-49B0-9B79-75244D00E227}"
EndProject
Project("{2150E333-8FDC-42A3-9474-1A3956D46DE8}") = "Microservices", "Microservices", "{455B790A-56CD-4F08-87F9-7F96D86B1F73}"
EndProject
Project("{2150E333-8FDC-42A3-9474-1A3956D46DE8}") = "CRUD", "CRUD", "{ADD31C39-2837-416D-9344-44C41D1AFBBF}"
EndProject
Project("{9A19103F-16F7-4668-BE54-9A1E7A4F7556}") = "APIManager.APIGateway", "APIManager\APIManager.APIGateway\APIManager.APIGateway.csproj", "{92645D0F-9026-4F93-B43F-B95439327A9A}"
EndProject
Project("{2150E333-8FDC-42A3-9474-1A3956D46DE8}") = "Identity", "Identity", "{3D329082-B1D1-46EA-9F2A-586D43BD59BD}"
EndProject
Project("{9A19103F-16F7-4668-BE54-9A1E7A4F7556}") = "Identity.APIService", "Microservices\Identity\Identity.APIService\Identity.APIService.csproj", "{BCD36F2C-7188-4274-967E-3F872C0F80CC}"
EndProject
Project("{9A19103F-16F7-4668-BE54-9A1E7A4F7556}") = "CRUD.APIService", "Microservices\CRUD\CRUD.APIService\CRUD.APIService.csproj", "{C651A466-AF54-4AFF-8F70-9C736C0C989A}"
EndProject
Project("{2150E333-8FDC-42A3-9474-1A3956D46DE8}") = "FileManager", "FileManager", "{18F5ACD1-D2DE-4FD1-A058-3400854B1406}"
EndProject
Project("{FAE04EC0-301F-11D3-BF4B-00C04F79EFBC}") = "FileManager.APIService", "Microservices\FileManager\FileManager.APIService\FileManager.APIService.csproj", "{716D588F-C937-4933-B25C-7632F007690A}"
EndProject
Global
	GlobalSection(SolutionConfigurationPlatforms) = preSolution
		Debug|Any CPU = Debug|Any CPU
		Release|Any CPU = Release|Any CPU
	EndGlobalSection
	GlobalSection(ProjectConfigurationPlatforms) = postSolution
		{1DEE483C-36E0-49B0-9B79-75244D00E227}.Debug|Any CPU.ActiveCfg = Debug|Any CPU
		{1DEE483C-36E0-49B0-9B79-75244D00E227}.Debug|Any CPU.Build.0 = Debug|Any CPU
		{1DEE483C-36E0-49B0-9B79-75244D00E227}.Release|Any CPU.ActiveCfg = Release|Any CPU
		{1DEE483C-36E0-49B0-9B79-75244D00E227}.Release|Any CPU.Build.0 = Release|Any CPU
		{92645D0F-9026-4F93-B43F-B95439327A9A}.Debug|Any CPU.ActiveCfg = Debug|Any CPU
		{92645D0F-9026-4F93-B43F-B95439327A9A}.Debug|Any CPU.Build.0 = Debug|Any CPU
		{92645D0F-9026-4F93-B43F-B95439327A9A}.Release|Any CPU.ActiveCfg = Release|Any CPU
		{92645D0F-9026-4F93-B43F-B95439327A9A}.Release|Any CPU.Build.0 = Release|Any CPU
		{BCD36F2C-7188-4274-967E-3F872C0F80CC}.Debug|Any CPU.ActiveCfg = Debug|Any CPU
		{BCD36F2C-7188-4274-967E-3F872C0F80CC}.Debug|Any CPU.Build.0 = Debug|Any CPU
		{BCD36F2C-7188-4274-967E-3F872C0F80CC}.Release|Any CPU.ActiveCfg = Release|Any CPU
		{BCD36F2C-7188-4274-967E-3F872C0F80CC}.Release|Any CPU.Build.0 = Release|Any CPU
		{C651A466-AF54-4AFF-8F70-9C736C0C989A}.Debug|Any CPU.ActiveCfg = Debug|Any CPU
		{C651A466-AF54-4AFF-8F70-9C736C0C989A}.Debug|Any CPU.Build.0 = Debug|Any CPU
		{C651A466-AF54-4AFF-8F70-9C736C0C989A}.Release|Any CPU.ActiveCfg = Release|Any CPU
		{C651A466-AF54-4AFF-8F70-9C736C0C989A}.Release|Any CPU.Build.0 = Release|Any CPU
		{716D588F-C937-4933-B25C-7632F007690A}.Debug|Any CPU.ActiveCfg = Debug|Any CPU
		{716D588F-C937-4933-B25C-7632F007690A}.Debug|Any CPU.Build.0 = Debug|Any CPU
		{716D588F-C937-4933-B25C-7632F007690A}.Release|Any CPU.ActiveCfg = Release|Any CPU
		{716D588F-C937-4933-B25C-7632F007690A}.Release|Any CPU.Build.0 = Release|Any CPU
	EndGlobalSection
	GlobalSection(SolutionProperties) = preSolution
		HideSolutionNode = FALSE
	EndGlobalSection
	GlobalSection(NestedProjects) = preSolution
		{1DEE483C-36E0-49B0-9B79-75244D00E227} = {5CD73505-B1CB-4868-89E9-DE103A7CF609}
		{ADD31C39-2837-416D-9344-44C41D1AFBBF} = {455B790A-56CD-4F08-87F9-7F96D86B1F73}
		{92645D0F-9026-4F93-B43F-B95439327A9A} = {DEAA21F0-DCD1-469D-8C74-035087A8E321}
		{3D329082-B1D1-46EA-9F2A-586D43BD59BD} = {455B790A-56CD-4F08-87F9-7F96D86B1F73}
		{BCD36F2C-7188-4274-967E-3F872C0F80CC} = {3D329082-B1D1-46EA-9F2A-586D43BD59BD}
		{C651A466-AF54-4AFF-8F70-9C736C0C989A} = {ADD31C39-2837-416D-9344-44C41D1AFBBF}
		{18F5ACD1-D2DE-4FD1-A058-3400854B1406} = {455B790A-56CD-4F08-87F9-7F96D86B1F73}
		{716D588F-C937-4933-B25C-7632F007690A} = {18F5ACD1-D2DE-4FD1-A058-3400854B1406}
	EndGlobalSection
	GlobalSection(ExtensibilityGlobals) = postSolution
		SolutionGuid = {0AE636CA-794E-47DA-9A15-1C213702C5F0}
	EndGlobalSection
EndGlobal
